
Microsoft Visual Studio Solution File, Format Version 12.00
# Visual Studio 15
VisualStudioVersion = 15.0.27130.2036
MinimumVisualStudioVersion = 10.0.40219.1
Project("{FAE04EC0-301F-11D3-BF4B-00C04F79EFBC}") = "SK_ABO", "SK_ABO\SK_ABO.csproj", "{91AB979B-41FD-4727-9D1D-5E9DA449662B}"
EndProject
Project("{FAE04EC0-301F-11D3-BF4B-00C04F79EFBC}") = "SKABO.CanDriver", "SKABO.CanDriver\SKABO.CanDriver.csproj", "{E07C91AC-A13C-41BA-8D39-01D4E1BCDD9A}"
EndProject
Project("{FAE04EC0-301F-11D3-BF4B-00C04F79EFBC}") = "SKABO.Camera", "SKABO.Camera\SKABO.Camera.csproj", "{947ADE47-FEE7-4032-9B1A-20F6E7C175BA}"
EndProject
Project("{FAE04EC0-301F-11D3-BF4B-00C04F79EFBC}") = "SKABO.Hardware", "SKABO.Hardware\SKABO.Hardware.csproj", "{AF6532E6-8856-46F1-A12D-EF7D732EA4F3}"
EndProject
Project("{FAE04EC0-301F-11D3-BF4B-00C04F79EFBC}") = "SKABO.Judger", "SKABO.Judger\SKABO.Judger.csproj", "{31C602C6-AC5C-41E8-924D-43E1D2190D0B}"
EndProject
Project("{FAE04EC0-301F-11D3-BF4B-00C04F79EFBC}") = "SKABO.Ihardware", "Ihardware\SKABO.Ihardware.csproj", "{BA2FB41B-281C-493B-A816-15F6C901465C}"
EndProject
Project("{FAE04EC0-301F-11D3-BF4B-00C04F79EFBC}") = "SKABO.Common", "SKABO.Common\SKABO.Common.csproj", "{30CD92EE-5148-4833-A047-3F34767566D7}"
EndProject
Project("{FAE04EC0-301F-11D3-BF4B-00C04F79EFBC}") = "SKABO.BLL", "SKABO.BLL\SKABO.BLL.csproj", "{58BA6148-3C77-4BC3-A340-66D4FBDB0788}"
EndProject
Project("{FAE04EC0-301F-11D3-BF4B-00C04F79EFBC}") = "SKABO.DAL", "SKABO.DAL\SKABO.DAL.csproj", "{0F58B89E-29DD-48C5-ACDE-7FC264A28794}"
EndProject
Project("{FAE04EC0-301F-11D3-BF4B-00C04F79EFBC}") = "SKABO.Judger.Win", "SKABO.Judger.Win\SKABO.Judger.Win.csproj", "{C86CE82F-F07D-4A8F-AB76-6904448664D1}"
EndProject
Project("{FAE04EC0-301F-11D3-BF4B-00C04F79EFBC}") = "SK_Security", "SK_Security\SK_Security.csproj", "{AC570FF9-0616-4DDB-9335-04DCD80388C7}"
EndProject
Project("{FAE04EC0-301F-11D3-BF4B-00C04F79EFBC}") = "DrapControlLibrary", "DrapControlLibrary\DrapControlLibrary.csproj", "{06A7D854-70EB-40A2-8902-9D66CD44ED01}"
EndProject
Project("{FAE04EC0-301F-11D3-BF4B-00C04F79EFBC}") = "FatekTest", "FatekTest\FatekTest.csproj", "{18681BD3-363C-4581-BA40-95D7505A0BC8}"
EndProject
Global
	GlobalSection(SolutionConfigurationPlatforms) = preSolution
		Debug|Any CPU = Debug|Any CPU
		Debug|x64 = Debug|x64
		Debug|x86 = Debug|x86
		Release|Any CPU = Release|Any CPU
		Release|x64 = Release|x64
		Release|x86 = Release|x86
	EndGlobalSection
	GlobalSection(ProjectConfigurationPlatforms) = postSolution
		{91AB979B-41FD-4727-9D1D-5E9DA449662B}.Debug|Any CPU.ActiveCfg = Debug|Any CPU
		{91AB979B-41FD-4727-9D1D-5E9DA449662B}.Debug|Any CPU.Build.0 = Debug|Any CPU
		{91AB979B-41FD-4727-9D1D-5E9DA449662B}.Debug|x64.ActiveCfg = Debug|x64
		{91AB979B-41FD-4727-9D1D-5E9DA449662B}.Debug|x64.Build.0 = Debug|x64
		{91AB979B-41FD-4727-9D1D-5E9DA449662B}.Debug|x86.ActiveCfg = Debug|Any CPU
		{91AB979B-41FD-4727-9D1D-5E9DA449662B}.Debug|x86.Build.0 = Debug|Any CPU
		{91AB979B-41FD-4727-9D1D-5E9DA449662B}.Release|Any CPU.ActiveCfg = Release|Any CPU
		{91AB979B-41FD-4727-9D1D-5E9DA449662B}.Release|Any CPU.Build.0 = Release|Any CPU
		{91AB979B-41FD-4727-9D1D-5E9DA449662B}.Release|x64.ActiveCfg = Release|x64
		{91AB979B-41FD-4727-9D1D-5E9DA449662B}.Release|x64.Build.0 = Release|x64
		{91AB979B-41FD-4727-9D1D-5E9DA449662B}.Release|x86.ActiveCfg = Release|Any CPU
		{91AB979B-41FD-4727-9D1D-5E9DA449662B}.Release|x86.Build.0 = Release|Any CPU
		{E07C91AC-A13C-41BA-8D39-01D4E1BCDD9A}.Debug|Any CPU.ActiveCfg = Debug|Any CPU
		{E07C91AC-A13C-41BA-8D39-01D4E1BCDD9A}.Debug|Any CPU.Build.0 = Debug|Any CPU
		{E07C91AC-A13C-41BA-8D39-01D4E1BCDD9A}.Debug|x64.ActiveCfg = Debug|x64
		{E07C91AC-A13C-41BA-8D39-01D4E1BCDD9A}.Debug|x64.Build.0 = Debug|x64
		{E07C91AC-A13C-41BA-8D39-01D4E1BCDD9A}.Debug|x86.ActiveCfg = Debug|Any CPU
		{E07C91AC-A13C-41BA-8D39-01D4E1BCDD9A}.Debug|x86.Build.0 = Debug|Any CPU
		{E07C91AC-A13C-41BA-8D39-01D4E1BCDD9A}.Release|Any CPU.ActiveCfg = Release|Any CPU
		{E07C91AC-A13C-41BA-8D39-01D4E1BCDD9A}.Release|Any CPU.Build.0 = Release|Any CPU
		{E07C91AC-A13C-41BA-8D39-01D4E1BCDD9A}.Release|x64.ActiveCfg = Release|x64
		{E07C91AC-A13C-41BA-8D39-01D4E1BCDD9A}.Release|x64.Build.0 = Release|x64
		{E07C91AC-A13C-41BA-8D39-01D4E1BCDD9A}.Release|x86.ActiveCfg = Release|Any CPU
		{E07C91AC-A13C-41BA-8D39-01D4E1BCDD9A}.Release|x86.Build.0 = Release|Any CPU
		{947ADE47-FEE7-4032-9B1A-20F6E7C175BA}.Debug|Any CPU.ActiveCfg = Debug|Any CPU
		{947ADE47-FEE7-4032-9B1A-20F6E7C175BA}.Debug|Any CPU.Build.0 = Debug|Any CPU
		{947ADE47-FEE7-4032-9B1A-20F6E7C175BA}.Debug|x64.ActiveCfg = Debug|x64
		{947ADE47-FEE7-4032-9B1A-20F6E7C175BA}.Debug|x64.Build.0 = Debug|x64
		{947ADE47-FEE7-4032-9B1A-20F6E7C175BA}.Debug|x86.ActiveCfg = Debug|Any CPU
		{947ADE47-FEE7-4032-9B1A-20F6E7C175BA}.Debug|x86.Build.0 = Debug|Any CPU
		{947ADE47-FEE7-4032-9B1A-20F6E7C175BA}.Release|Any CPU.ActiveCfg = Release|Any CPU
		{947ADE47-FEE7-4032-9B1A-20F6E7C175BA}.Release|Any CPU.Build.0 = Release|Any CPU
		{947ADE47-FEE7-4032-9B1A-20F6E7C175BA}.Release|x64.ActiveCfg = Release|x64
		{947ADE47-FEE7-4032-9B1A-20F6E7C175BA}.Release|x64.Build.0 = Release|x64
		{947ADE47-FEE7-4032-9B1A-20F6E7C175BA}.Release|x86.ActiveCfg = Release|Any CPU
		{947ADE47-FEE7-4032-9B1A-20F6E7C175BA}.Release|x86.Build.0 = Release|Any CPU
		{AF6532E6-8856-46F1-A12D-EF7D732EA4F3}.Debug|Any CPU.ActiveCfg = Debug|Any CPU
		{AF6532E6-8856-46F1-A12D-EF7D732EA4F3}.Debug|Any CPU.Build.0 = Debug|Any CPU
		{AF6532E6-8856-46F1-A12D-EF7D732EA4F3}.Debug|x64.ActiveCfg = Debug|x64
		{AF6532E6-8856-46F1-A12D-EF7D732EA4F3}.Debug|x64.Build.0 = Debug|x64
		{AF6532E6-8856-46F1-A12D-EF7D732EA4F3}.Debug|x86.ActiveCfg = Debug|Any CPU
		{AF6532E6-8856-46F1-A12D-EF7D732EA4F3}.Debug|x86.Build.0 = Debug|Any CPU
		{AF6532E6-8856-46F1-A12D-EF7D732EA4F3}.Release|Any CPU.ActiveCfg = Release|Any CPU
		{AF6532E6-8856-46F1-A12D-EF7D732EA4F3}.Release|Any CPU.Build.0 = Release|Any CPU
		{AF6532E6-8856-46F1-A12D-EF7D732EA4F3}.Release|x64.ActiveCfg = Release|x64
		{AF6532E6-8856-46F1-A12D-EF7D732EA4F3}.Release|x64.Build.0 = Release|x64
		{AF6532E6-8856-46F1-A12D-EF7D732EA4F3}.Release|x86.ActiveCfg = Release|Any CPU
		{AF6532E6-8856-46F1-A12D-EF7D732EA4F3}.Release|x86.Build.0 = Release|Any CPU
		{31C602C6-AC5C-41E8-924D-43E1D2190D0B}.Debug|Any CPU.ActiveCfg = Debug|Any CPU
		{31C602C6-AC5C-41E8-924D-43E1D2190D0B}.Debug|Any CPU.Build.0 = Debug|Any CPU
		{31C602C6-AC5C-41E8-924D-43E1D2190D0B}.Debug|x64.ActiveCfg = Debug|x64
		{31C602C6-AC5C-41E8-924D-43E1D2190D0B}.Debug|x64.Build.0 = Debug|x64
		{31C602C6-AC5C-41E8-924D-43E1D2190D0B}.Debug|x86.ActiveCfg = Debug|Any CPU
		{31C602C6-AC5C-41E8-924D-43E1D2190D0B}.Debug|x86.Build.0 = Debug|Any CPU
		{31C602C6-AC5C-41E8-924D-43E1D2190D0B}.Release|Any CPU.ActiveCfg = Release|Any CPU
		{31C602C6-AC5C-41E8-924D-43E1D2190D0B}.Release|Any CPU.Build.0 = Release|Any CPU
		{31C602C6-AC5C-41E8-924D-43E1D2190D0B}.Release|x64.ActiveCfg = Release|x64
		{31C602C6-AC5C-41E8-924D-43E1D2190D0B}.Release|x64.Build.0 = Release|x64
		{31C602C6-AC5C-41E8-924D-43E1D2190D0B}.Release|x86.ActiveCfg = Release|Any CPU
		{31C602C6-AC5C-41E8-924D-43E1D2190D0B}.Release|x86.Build.0 = Release|Any CPU
		{BA2FB41B-281C-493B-A816-15F6C901465C}.Debug|Any CPU.ActiveCfg = Debug|Any CPU
		{BA2FB41B-281C-493B-A816-15F6C901465C}.Debug|Any CPU.Build.0 = Debug|Any CPU
		{BA2FB41B-281C-493B-A816-15F6C901465C}.Debug|x64.ActiveCfg = Debug|x64
		{BA2FB41B-281C-493B-A816-15F6C901465C}.Debug|x64.Build.0 = Debug|x64
		{BA2FB41B-281C-493B-A816-15F6C901465C}.Debug|x86.ActiveCfg = Debug|Any CPU
		{BA2FB41B-281C-493B-A816-15F6C901465C}.Debug|x86.Build.0 = Debug|Any CPU
		{BA2FB41B-281C-493B-A816-15F6C901465C}.Release|Any CPU.ActiveCfg = Release|Any CPU
		{BA2FB41B-281C-493B-A816-15F6C901465C}.Release|Any CPU.Build.0 = Release|Any CPU
		{BA2FB41B-281C-493B-A816-15F6C901465C}.Release|x64.ActiveCfg = Release|x64
		{BA2FB41B-281C-493B-A816-15F6C901465C}.Release|x64.Build.0 = Release|x64
		{BA2FB41B-281C-493B-A816-15F6C901465C}.Release|x86.ActiveCfg = Release|Any CPU
		{BA2FB41B-281C-493B-A816-15F6C901465C}.Release|x86.Build.0 = Release|Any CPU
		{30CD92EE-5148-4833-A047-3F34767566D7}.Debug|Any CPU.ActiveCfg = Debug|Any CPU
		{30CD92EE-5148-4833-A047-3F34767566D7}.Debug|Any CPU.Build.0 = Debug|Any CPU
		{30CD92EE-5148-4833-A047-3F34767566D7}.Debug|x64.ActiveCfg = Debug|x64
		{30CD92EE-5148-4833-A047-3F34767566D7}.Debug|x64.Build.0 = Debug|x64
		{30CD92EE-5148-4833-A047-3F34767566D7}.Debug|x86.ActiveCfg = Debug|Any CPU
		{30CD92EE-5148-4833-A047-3F34767566D7}.Debug|x86.Build.0 = Debug|Any CPU
		{30CD92EE-5148-4833-A047-3F34767566D7}.Release|Any CPU.ActiveCfg = Release|Any CPU
		{30CD92EE-5148-4833-A047-3F34767566D7}.Release|Any CPU.Build.0 = Release|Any CPU
		{30CD92EE-5148-4833-A047-3F34767566D7}.Release|x64.ActiveCfg = Release|x64
		{30CD92EE-5148-4833-A047-3F34767566D7}.Release|x64.Build.0 = Release|x64
		{30CD92EE-5148-4833-A047-3F34767566D7}.Release|x86.ActiveCfg = Release|Any CPU
		{30CD92EE-5148-4833-A047-3F34767566D7}.Release|x86.Build.0 = Release|Any CPU
		{58BA6148-3C77-4BC3-A340-66D4FBDB0788}.Debug|Any CPU.ActiveCfg = Debug|Any CPU
		{58BA6148-3C77-4BC3-A340-66D4FBDB0788}.Debug|Any CPU.Build.0 = Debug|Any CPU
		{58BA6148-3C77-4BC3-A340-66D4FBDB0788}.Debug|x64.ActiveCfg = Debug|x64
		{58BA6148-3C77-4BC3-A340-66D4FBDB0788}.Debug|x64.Build.0 = Debug|x64
		{58BA6148-3C77-4BC3-A340-66D4FBDB0788}.Debug|x86.ActiveCfg = Debug|Any CPU
		{58BA6148-3C77-4BC3-A340-66D4FBDB0788}.Debug|x86.Build.0 = Debug|Any CPU
		{58BA6148-3C77-4BC3-A340-66D4FBDB0788}.Release|Any CPU.ActiveCfg = Release|Any CPU
		{58BA6148-3C77-4BC3-A340-66D4FBDB0788}.Release|Any CPU.Build.0 = Release|Any CPU
		{58BA6148-3C77-4BC3-A340-66D4FBDB0788}.Release|x64.ActiveCfg = Release|x64
		{58BA6148-3C77-4BC3-A340-66D4FBDB0788}.Release|x64.Build.0 = Release|x64
		{58BA6148-3C77-4BC3-A340-66D4FBDB0788}.Release|x86.ActiveCfg = Release|Any CPU
		{58BA6148-3C77-4BC3-A340-66D4FBDB0788}.Release|x86.Build.0 = Release|Any CPU
		{0F58B89E-29DD-48C5-ACDE-7FC264A28794}.Debug|Any CPU.ActiveCfg = Debug|Any CPU
		{0F58B89E-29DD-48C5-ACDE-7FC264A28794}.Debug|Any CPU.Build.0 = Debug|Any CPU
		{0F58B89E-29DD-48C5-ACDE-7FC264A28794}.Debug|x64.ActiveCfg = Debug|x64
		{0F58B89E-29DD-48C5-ACDE-7FC264A28794}.Debug|x64.Build.0 = Debug|x64
		{0F58B89E-29DD-48C5-ACDE-7FC264A28794}.Debug|x86.ActiveCfg = Debug|Any CPU
		{0F58B89E-29DD-48C5-ACDE-7FC264A28794}.Debug|x86.Build.0 = Debug|Any CPU
		{0F58B89E-29DD-48C5-ACDE-7FC264A28794}.Release|Any CPU.ActiveCfg = Release|Any CPU
		{0F58B89E-29DD-48C5-ACDE-7FC264A28794}.Release|Any CPU.Build.0 = Release|Any CPU
		{0F58B89E-29DD-48C5-ACDE-7FC264A28794}.Release|x64.ActiveCfg = Release|x64
		{0F58B89E-29DD-48C5-ACDE-7FC264A28794}.Release|x64.Build.0 = Release|x64
		{0F58B89E-29DD-48C5-ACDE-7FC264A28794}.Release|x86.ActiveCfg = Release|Any CPU
		{0F58B89E-29DD-48C5-ACDE-7FC264A28794}.Release|x86.Build.0 = Release|Any CPU
		{C86CE82F-F07D-4A8F-AB76-6904448664D1}.Debug|Any CPU.ActiveCfg = Debug|Any CPU
		{C86CE82F-F07D-4A8F-AB76-6904448664D1}.Debug|Any CPU.Build.0 = Debug|Any CPU
		{C86CE82F-F07D-4A8F-AB76-6904448664D1}.Debug|x64.ActiveCfg = Debug|x64
		{C86CE82F-F07D-4A8F-AB76-6904448664D1}.Debug|x64.Build.0 = Debug|x64
		{C86CE82F-F07D-4A8F-AB76-6904448664D1}.Debug|x86.ActiveCfg = Debug|Any CPU
		{C86CE82F-F07D-4A8F-AB76-6904448664D1}.Debug|x86.Build.0 = Debug|Any CPU
		{C86CE82F-F07D-4A8F-AB76-6904448664D1}.Release|Any CPU.ActiveCfg = Release|Any CPU
		{C86CE82F-F07D-4A8F-AB76-6904448664D1}.Release|Any CPU.Build.0 = Release|Any CPU
		{C86CE82F-F07D-4A8F-AB76-6904448664D1}.Release|x64.ActiveCfg = Release|x64
		{C86CE82F-F07D-4A8F-AB76-6904448664D1}.Release|x64.Build.0 = Release|x64
		{C86CE82F-F07D-4A8F-AB76-6904448664D1}.Release|x86.ActiveCfg = Release|Any CPU
		{C86CE82F-F07D-4A8F-AB76-6904448664D1}.Release|x86.Build.0 = Release|Any CPU
		{AC570FF9-0616-4DDB-9335-04DCD80388C7}.Debug|Any CPU.ActiveCfg = Debug|Any CPU
		{AC570FF9-0616-4DDB-9335-04DCD80388C7}.Debug|Any CPU.Build.0 = Debug|Any CPU
		{AC570FF9-0616-4DDB-9335-04DCD80388C7}.Debug|x64.ActiveCfg = Debug|x64
		{AC570FF9-0616-4DDB-9335-04DCD80388C7}.Debug|x64.Build.0 = Debug|x64
		{AC570FF9-0616-4DDB-9335-04DCD80388C7}.Debug|x86.ActiveCfg = Debug|Any CPU
		{AC570FF9-0616-4DDB-9335-04DCD80388C7}.Debug|x86.Build.0 = Debug|Any CPU
		{AC570FF9-0616-4DDB-9335-04DCD80388C7}.Release|Any CPU.ActiveCfg = Release|Any CPU
		{AC570FF9-0616-4DDB-9335-04DCD80388C7}.Release|Any CPU.Build.0 = Release|Any CPU
		{AC570FF9-0616-4DDB-9335-04DCD80388C7}.Release|x64.ActiveCfg = Release|x64
		{AC570FF9-0616-4DDB-9335-04DCD80388C7}.Release|x64.Build.0 = Release|x64
		{AC570FF9-0616-4DDB-9335-04DCD80388C7}.Release|x86.ActiveCfg = Release|Any CPU
		{AC570FF9-0616-4DDB-9335-04DCD80388C7}.Release|x86.Build.0 = Release|Any CPU
		{06A7D854-70EB-40A2-8902-9D66CD44ED01}.Debug|Any CPU.ActiveCfg = Debug|Any CPU
		{06A7D854-70EB-40A2-8902-9D66CD44ED01}.Debug|Any CPU.Build.0 = Debug|Any CPU
		{06A7D854-70EB-40A2-8902-9D66CD44ED01}.Debug|x64.ActiveCfg = Debug|x64
		{06A7D854-70EB-40A2-8902-9D66CD44ED01}.Debug|x64.Build.0 = Debug|x64
		{06A7D854-70EB-40A2-8902-9D66CD44ED01}.Debug|x86.ActiveCfg = Debug|Any CPU
		{06A7D854-70EB-40A2-8902-9D66CD44ED01}.Debug|x86.Build.0 = Debug|Any CPU
		{06A7D854-70EB-40A2-8902-9D66CD44ED01}.Release|Any CPU.ActiveCfg = Release|Any CPU
		{06A7D854-70EB-40A2-8902-9D66CD44ED01}.Release|Any CPU.Build.0 = Release|Any CPU
		{06A7D854-70EB-40A2-8902-9D66CD44ED01}.Release|x64.ActiveCfg = Release|x64
		{06A7D854-70EB-40A2-8902-9D66CD44ED01}.Release|x64.Build.0 = Release|x64
		{06A7D854-70EB-40A2-8902-9D66CD44ED01}.Release|x86.ActiveCfg = Release|Any CPU
		{06A7D854-70EB-40A2-8902-9D66CD44ED01}.Release|x86.Build.0 = Release|Any CPU
		{18681BD3-363C-4581-BA40-95D7505A0BC8}.Debug|Any CPU.ActiveCfg = Debug|Any CPU
		{18681BD3-363C-4581-BA40-95D7505A0BC8}.Debug|Any CPU.Build.0 = Debug|Any CPU
		{18681BD3-363C-4581-BA40-95D7505A0BC8}.Debug|x64.ActiveCfg = Debug|x64
		{18681BD3-363C-4581-BA40-95D7505A0BC8}.Debug|x64.Build.0 = Debug|x64
		{18681BD3-363C-4581-BA40-95D7505A0BC8}.Debug|x86.ActiveCfg = Debug|Any CPU
		{18681BD3-363C-4581-BA40-95D7505A0BC8}.Debug|x86.Build.0 = Debug|Any CPU
		{18681BD3-363C-4581-BA40-95D7505A0BC8}.Release|Any CPU.ActiveCfg = Release|Any CPU
		{18681BD3-363C-4581-BA40-95D7505A0BC8}.Release|Any CPU.Build.0 = Release|Any CPU
		{18681BD3-363C-4581-BA40-95D7505A0BC8}.Release|x64.ActiveCfg = Release|x64
		{18681BD3-363C-4581-BA40-95D7505A0BC8}.Release|x64.Build.0 = Release|x64
		{18681BD3-363C-4581-BA40-95D7505A0BC8}.Release|x86.ActiveCfg = Release|Any CPU
		{18681BD3-363C-4581-BA40-95D7505A0BC8}.Release|x86.Build.0 = Release|Any CPU
	EndGlobalSection
	GlobalSection(SolutionProperties) = preSolution
		HideSolutionNode = FALSE
	EndGlobalSection
	GlobalSection(ExtensibilityGlobals) = postSolution
		SolutionGuid = {E1E35FAA-468D-46C6-B152-D3EE88106C03}
	EndGlobalSection
EndGlobal
